
Microsoft Visual Studio Solution File, Format Version 12.00
# Visual Studio Version 16
VisualStudioVersion = 16.0.31624.102
MinimumVisualStudioVersion = 10.0.40219.1
Project("{FAE04EC0-301F-11D3-BF4B-00C04F79EFBC}") = "Spot.Common", "Spot.Common\Spot.Common.csproj", "{316BC938-DB02-4FB7-9301-4E933923EEEF}"
EndProject
Project("{FAE04EC0-301F-11D3-BF4B-00C04F79EFBC}") = "Spot.Data", "Spot.Data\Spot.Data.csproj", "{C4342BF5-EE5E-480C-AB07-724C3E06D245}"
EndProject
Global
	GlobalSection(SolutionConfigurationPlatforms) = preSolution
		Debug|Any CPU = Debug|Any CPU
		Release|Any CPU = Release|Any CPU
	EndGlobalSection
	GlobalSection(ProjectConfigurationPlatforms) = postSolution
		{316BC938-DB02-4FB7-9301-4E933923EEEF}.Debug|Any CPU.ActiveCfg = Debug|Any CPU
		{316BC938-DB02-4FB7-9301-4E933923EEEF}.Debug|Any CPU.Build.0 = Debug|Any CPU
		{316BC938-DB02-4FB7-9301-4E933923EEEF}.Release|Any CPU.ActiveCfg = Release|Any CPU
		{316BC938-DB02-4FB7-9301-4E933923EEEF}.Release|Any CPU.Build.0 = Release|Any CPU
		{C4342BF5-EE5E-480C-AB07-724C3E06D245}.Debug|Any CPU.ActiveCfg = Debug|Any CPU
		{C4342BF5-EE5E-480C-AB07-724C3E06D245}.Debug|Any CPU.Build.0 = Debug|Any CPU
		{C4342BF5-EE5E-480C-AB07-724C3E06D245}.Release|Any CPU.ActiveCfg = Release|Any CPU
		{C4342BF5-EE5E-480C-AB07-724C3E06D245}.Release|Any CPU.Build.0 = Release|Any CPU
	EndGlobalSection
	GlobalSection(SolutionProperties) = preSolution
		HideSolutionNode = FALSE
	EndGlobalSection
	GlobalSection(ExtensibilityGlobals) = postSolution
		SolutionGuid = {984E12FD-6681-4110-9FBD-3827148150DD}
	EndGlobalSection
EndGlobal
